{
    "_meta": {
        "hash": {
            "sha256": "23e37b5a32dcd4758fa48d7b3a3abfd0d080532c1a94bda3d8d487fdaa7471af"
        },
        "pipfile-spec": 6,
        "requires": {
            "python_version": "3.7"
        },
        "sources": [
            {
                "name": "pypi",
                "url": "https://pypi.python.org/simple",
                "verify_ssl": true
            }
        ]
    },
    "default": {
        "certifi": {
            "hashes": [
                "sha256:1a4995114262bffbc2413b159f2a1a480c969de6e6eb13ee966d470af86af59c",
                "sha256:719a74fb9e33b9bd44cc7f3a8d94bc35e4049deebe19ba7d8e108280cfd59830"
            ],
            "version": "==2020.12.5"
        },
        "certstream": {
            "hashes": [
                "sha256:660fdcb76c12a66a1600a0ef63701a78462f48660b6e8584002989b7d64e3a6f"
            ],
            "index": "pypi",
            "version": "==1.11"
        },
        "elasticsearch": {
            "hashes": [
                "sha256:1e24b33a82bf381b42d3b0d390f76fdb9d6a9d47b310dea8eaeb0a5933c394c0",
                "sha256:a113cfcee9ba8565cd48a67b60e9903b67a81b3b80ddc6d3fb2c16789a58b763"
            ],
            "index": "pypi",
            "version": "==7.11.0"
        },
        "six": {
            "hashes": [
                "sha256:30639c035cdb23534cd4aa2dd52c3bf48f06e5f4a941509c8bafd8ce11080259",
                "sha256:8b74bedcbbbaca38ff6d7491d76f2b06b3592611af620f8426e82dddb04a5ced"
            ],
            "version": "==1.15.0"
        },
        "termcolor": {
            "hashes": [
                "sha256:1d6d69ce66211143803fbc56652b41d73b4a400a2891d7bf7a1cdf4c02de613b"
            ],
            "version": "==1.1.0"
        },
        "urllib3": {
            "hashes": [
                "sha256:2f4da4594db7e1e110a944bb1b551fdf4e6c136ad42e4234131391e21eb5b0df",
                "sha256:e7b021f7241115872f92f43c6508082facffbd1c048e3c6e2bb9c2a157e28937"
            ],
            "version": "==1.26.4"
        },
        "websocket-client": {
            "hashes": [
                "sha256:1151d5fb3a62dc129164292e1227655e4bbc5dd5340a5165dfae61128ec50aa9",
                "sha256:1fd5520878b68b84b5748bb30e592b10d0a91529d5383f74f4964e72b297fd3a"
            ],
            "index": "pypi",
            "version": "==0.56.0"
        }
    },
    "develop": {}
}
